
Microsoft Visual Studio Solution File, Format Version 12.00
# Visual Studio Version 17
Project("{8BC9CEB8-8B4A-11D0-8D11-00A0C91BC942}") = "ALL_BUILD", "ALL_BUILD.vcxproj", "{A3819B8C-6949-31F1-87E7-3C9307C498E8}"
	ProjectSection(ProjectDependencies) = postProject
		{6006E0A0-0B2C-38EC-9AF6-D837C3550C52} = {6006E0A0-0B2C-38EC-9AF6-D837C3550C52}
		{60F08518-4808-35A3-BDEB-4045A06B2B27} = {60F08518-4808-35A3-BDEB-4045A06B2B27}
		{6506953B-3026-32D7-9772-51A0E299DCC4} = {6506953B-3026-32D7-9772-51A0E299DCC4}
	EndProjectSection
EndProject
Project("{8BC9CEB8-8B4A-11D0-8D11-00A0C91BC942}") = "MainMathLibrary", "MainMathLibrary\MainMathLibrary.vcxproj", "{6006E0A0-0B2C-38EC-9AF6-D837C3550C52}"
	ProjectSection(ProjectDependencies) = postProject
		{60F08518-4808-35A3-BDEB-4045A06B2B27} = {60F08518-4808-35A3-BDEB-4045A06B2B27}
		{6506953B-3026-32D7-9772-51A0E299DCC4} = {6506953B-3026-32D7-9772-51A0E299DCC4}
	EndProjectSection
EndProject
Project("{8BC9CEB8-8B4A-11D0-8D11-00A0C91BC942}") = "MathLibrary", "MathLibrary\MathLibrary.vcxproj", "{60F08518-4808-35A3-BDEB-4045A06B2B27}"
	ProjectSection(ProjectDependencies) = postProject
		{6506953B-3026-32D7-9772-51A0E299DCC4} = {6506953B-3026-32D7-9772-51A0E299DCC4}
	EndProjectSection
EndProject
Project("{8BC9CEB8-8B4A-11D0-8D11-00A0C91BC942}") = "ZERO_CHECK", "ZERO_CHECK.vcxproj", "{6506953B-3026-32D7-9772-51A0E299DCC4}"
	ProjectSection(ProjectDependencies) = postProject
	EndProjectSection
EndProject
Global
	GlobalSection(SolutionConfigurationPlatforms) = preSolution
		Debug|x64 = Debug|x64
		Release|x64 = Release|x64
		MinSizeRel|x64 = MinSizeRel|x64
		RelWithDebInfo|x64 = RelWithDebInfo|x64
	EndGlobalSection
	GlobalSection(ProjectConfigurationPlatforms) = postSolution
		{A3819B8C-6949-31F1-87E7-3C9307C498E8}.Debug|x64.ActiveCfg = Debug|x64
		{A3819B8C-6949-31F1-87E7-3C9307C498E8}.Release|x64.ActiveCfg = Release|x64
		{A3819B8C-6949-31F1-87E7-3C9307C498E8}.MinSizeRel|x64.ActiveCfg = MinSizeRel|x64
		{A3819B8C-6949-31F1-87E7-3C9307C498E8}.RelWithDebInfo|x64.ActiveCfg = RelWithDebInfo|x64
		{6006E0A0-0B2C-38EC-9AF6-D837C3550C52}.Debug|x64.ActiveCfg = Debug|x64
		{6006E0A0-0B2C-38EC-9AF6-D837C3550C52}.Debug|x64.Build.0 = Debug|x64
		{6006E0A0-0B2C-38EC-9AF6-D837C3550C52}.Release|x64.ActiveCfg = Release|x64
		{6006E0A0-0B2C-38EC-9AF6-D837C3550C52}.Release|x64.Build.0 = Release|x64
		{6006E0A0-0B2C-38EC-9AF6-D837C3550C52}.MinSizeRel|x64.ActiveCfg = MinSizeRel|x64
		{6006E0A0-0B2C-38EC-9AF6-D837C3550C52}.MinSizeRel|x64.Build.0 = MinSizeRel|x64
		{6006E0A0-0B2C-38EC-9AF6-D837C3550C52}.RelWithDebInfo|x64.ActiveCfg = RelWithDebInfo|x64
		{6006E0A0-0B2C-38EC-9AF6-D837C3550C52}.RelWithDebInfo|x64.Build.0 = RelWithDebInfo|x64
		{60F08518-4808-35A3-BDEB-4045A06B2B27}.Debug|x64.ActiveCfg = Debug|x64
		{60F08518-4808-35A3-BDEB-4045A06B2B27}.Debug|x64.Build.0 = Debug|x64
		{60F08518-4808-35A3-BDEB-4045A06B2B27}.Release|x64.ActiveCfg = Release|x64
		{60F08518-4808-35A3-BDEB-4045A06B2B27}.Release|x64.Build.0 = Release|x64
		{60F08518-4808-35A3-BDEB-4045A06B2B27}.MinSizeRel|x64.ActiveCfg = MinSizeRel|x64
		{60F08518-4808-35A3-BDEB-4045A06B2B27}.MinSizeRel|x64.Build.0 = MinSizeRel|x64
		{60F08518-4808-35A3-BDEB-4045A06B2B27}.RelWithDebInfo|x64.ActiveCfg = RelWithDebInfo|x64
		{60F08518-4808-35A3-BDEB-4045A06B2B27}.RelWithDebInfo|x64.Build.0 = RelWithDebInfo|x64
		{6506953B-3026-32D7-9772-51A0E299DCC4}.Debug|x64.ActiveCfg = Debug|x64
		{6506953B-3026-32D7-9772-51A0E299DCC4}.Debug|x64.Build.0 = Debug|x64
		{6506953B-3026-32D7-9772-51A0E299DCC4}.Release|x64.ActiveCfg = Release|x64
		{6506953B-3026-32D7-9772-51A0E299DCC4}.Release|x64.Build.0 = Release|x64
		{6506953B-3026-32D7-9772-51A0E299DCC4}.MinSizeRel|x64.ActiveCfg = MinSizeRel|x64
		{6506953B-3026-32D7-9772-51A0E299DCC4}.MinSizeRel|x64.Build.0 = MinSizeRel|x64
		{6506953B-3026-32D7-9772-51A0E299DCC4}.RelWithDebInfo|x64.ActiveCfg = RelWithDebInfo|x64
		{6506953B-3026-32D7-9772-51A0E299DCC4}.RelWithDebInfo|x64.Build.0 = RelWithDebInfo|x64
	EndGlobalSection
	GlobalSection(ExtensibilityGlobals) = postSolution
		SolutionGuid = {29B94B08-3EC3-36DC-8F13-D14D98A143E1}
	EndGlobalSection
	GlobalSection(ExtensibilityAddIns) = postSolution
	EndGlobalSection
EndGlobal
